
Microsoft Visual Studio Solution File, Format Version 12.00
# Visual Studio 15
Project("{FAE04EC0-301F-11D3-BF4B-00C04F79EFBC}") = "Assembly-CSharp", "Assembly-CSharp.csproj", "{5A9791C7-AF0E-C6BE-AF5D-820F2D111FC2}"
EndProject
Project("{FAE04EC0-301F-11D3-BF4B-00C04F79EFBC}") = "Assembly-CSharp-Editor", "Assembly-CSharp-Editor.csproj", "{A9A2A071-E026-9B6F-21B0-3714AEBBE3DB}"
EndProject
Global
	GlobalSection(SolutionConfigurationPlatforms) = preSolution
		Debug|Any CPU = Debug|Any CPU
		Release|Any CPU = Release|Any CPU
	EndGlobalSection
	GlobalSection(ProjectConfigurationPlatforms) = postSolution
		{5A9791C7-AF0E-C6BE-AF5D-820F2D111FC2}.Debug|Any CPU.ActiveCfg = Debug|Any CPU
		{5A9791C7-AF0E-C6BE-AF5D-820F2D111FC2}.Debug|Any CPU.Build.0 = Debug|Any CPU
		{5A9791C7-AF0E-C6BE-AF5D-820F2D111FC2}.Release|Any CPU.ActiveCfg = Release|Any CPU
		{5A9791C7-AF0E-C6BE-AF5D-820F2D111FC2}.Release|Any CPU.Build.0 = Release|Any CPU
		{A9A2A071-E026-9B6F-21B0-3714AEBBE3DB}.Debug|Any CPU.ActiveCfg = Debug|Any CPU
		{A9A2A071-E026-9B6F-21B0-3714AEBBE3DB}.Debug|Any CPU.Build.0 = Debug|Any CPU
		{A9A2A071-E026-9B6F-21B0-3714AEBBE3DB}.Release|Any CPU.ActiveCfg = Release|Any CPU
		{A9A2A071-E026-9B6F-21B0-3714AEBBE3DB}.Release|Any CPU.Build.0 = Release|Any CPU
	EndGlobalSection
	GlobalSection(SolutionProperties) = preSolution
		HideSolutionNode = FALSE
	EndGlobalSection
	GlobalSection(MonoDevelopProperties) = preSolution
		StartupItem = Assembly-CSharp.csproj
	EndGlobalSection
EndGlobal
